// !$*UTF8*$!
{
	archiveVersion = 1;
	classes = {
	};
	objectVersion = 77;
	objects = {

/* Begin PBXBuildFile section */
		6D6718472D672CDC0063FE57 /* Kingfisher in Frameworks */ = {isa = PBXBuildFile; productRef = 6D6718462D672CDC0063FE57 /* Kingfisher */; };
		6DCEC8752DAC9A9B00089699 /* Glur in Frameworks */ = {isa = PBXBuildFile; productRef = 6DCEC8742DAC9A9B00089699 /* Glur */; };
		720642CA2D8DBA0600F62043 /* HotKey in Frameworks */ = {isa = PBXBuildFile; productRef = 720642C92D8DBA0600F62043 /* HotKey */; };
		726B64F82D6DCEA1000AA419 /* SwiftSoup in Frameworks */ = {isa = PBXBuildFile; productRef = 726B64F72D6DCEA1000AA419 /* SwiftSoup */; };
/* End PBXBuildFile section */

/* Begin PBXContainerItemProxy section */
		7222C1D42D491BEF00096255 /* PBXContainerItemProxy */ = {
			isa = PBXContainerItemProxy;
			containerPortal = 7222C1B82D491BEC00096255 /* Project object */;
			proxyType = 1;
			remoteGlobalIDString = 7222C1BF2D491BEC00096255;
			remoteInfo = Stash;
		};
		7222C1DE2D491BEF00096255 /* PBXContainerItemProxy */ = {
			isa = PBXContainerItemProxy;
			containerPortal = 7222C1B82D491BEC00096255 /* Project object */;
			proxyType = 1;
			remoteGlobalIDString = 7222C1BF2D491BEC00096255;
			remoteInfo = Stash;
		};
/* End PBXContainerItemProxy section */

/* Begin PBXFileReference section */
		7222C1C02D491BEC00096255 /* Stashy.app */ = {isa = PBXFileReference; explicitFileType = wrapper.application; includeInIndex = 0; path = Stashy.app; sourceTree = BUILT_PRODUCTS_DIR; };
		7222C1D32D491BEF00096255 /* StashTests.xctest */ = {isa = PBXFileReference; explicitFileType = wrapper.cfbundle; includeInIndex = 0; path = StashTests.xctest; sourceTree = BUILT_PRODUCTS_DIR; };
		7222C1DD2D491BEF00096255 /* StashUITests.xctest */ = {isa = PBXFileReference; explicitFileType = wrapper.cfbundle; includeInIndex = 0; path = StashUITests.xctest; sourceTree = BUILT_PRODUCTS_DIR; };
/* End PBXFileReference section */

/* Begin PBXFileSystemSynchronizedRootGroup section */
		7222C1C22D491BEC00096255 /* Stash */ = {
			isa = PBXFileSystemSynchronizedRootGroup;
			path = Stash;
			sourceTree = "<group>";
		};
		7222C1D62D491BEF00096255 /* StashTests */ = {
			isa = PBXFileSystemSynchronizedRootGroup;
			path = StashTests;
			sourceTree = "<group>";
		};
		7222C1E02D491BEF00096255 /* StashUITests */ = {
			isa = PBXFileSystemSynchronizedRootGroup;
			path = StashUITests;
			sourceTree = "<group>";
		};
/* End PBXFileSystemSynchronizedRootGroup section */

/* Begin PBXFrameworksBuildPhase section */
		7222C1BD2D491BEC00096255 /* Frameworks */ = {
			isa = PBXFrameworksBuildPhase;
			buildActionMask = 2147483647;
			files = (
				720642CA2D8DBA0600F62043 /* HotKey in Frameworks */,
				6D6718472D672CDC0063FE57 /* Kingfisher in Frameworks */,
				6DCEC8752DAC9A9B00089699 /* Glur in Frameworks */,
				726B64F82D6DCEA1000AA419 /* SwiftSoup in Frameworks */,
			);
			runOnlyForDeploymentPostprocessing = 0;
		};
		7222C1D02D491BEF00096255 /* Frameworks */ = {
			isa = PBXFrameworksBuildPhase;
			buildActionMask = 2147483647;
			files = (
			);
			runOnlyForDeploymentPostprocessing = 0;
		};
		7222C1DA2D491BEF00096255 /* Frameworks */ = {
			isa = PBXFrameworksBuildPhase;
			buildActionMask = 2147483647;
			files = (
			);
			runOnlyForDeploymentPostprocessing = 0;
		};
/* End PBXFrameworksBuildPhase section */

/* Begin PBXGroup section */
		6D6718452D672CDC0063FE57 /* Frameworks */ = {
			isa = PBXGroup;
			children = (
			);
			name = Frameworks;
			sourceTree = "<group>";
		};
		7222C1B72D491BEC00096255 = {
			isa = PBXGroup;
			children = (
				7222C1C22D491BEC00096255 /* Stash */,
				7222C1D62D491BEF00096255 /* StashTests */,
				7222C1E02D491BEF00096255 /* StashUITests */,
				6D6718452D672CDC0063FE57 /* Frameworks */,
				7222C1C12D491BEC00096255 /* Products */,
			);
			sourceTree = "<group>";
		};
		7222C1C12D491BEC00096255 /* Products */ = {
			isa = PBXGroup;
			children = (
				7222C1C02D491BEC00096255 /* Stashy.app */,
				7222C1D32D491BEF00096255 /* StashTests.xctest */,
				7222C1DD2D491BEF00096255 /* StashUITests.xctest */,
			);
			name = Products;
			sourceTree = "<group>";
		};
/* End PBXGroup section */

/* Begin PBXNativeTarget section */
		7222C1BF2D491BEC00096255 /* Stash */ = {
			isa = PBXNativeTarget;
			buildConfigurationList = 7222C1E72D491BEF00096255 /* Build configuration list for PBXNativeTarget "Stash" */;
			buildPhases = (
				7222C1BC2D491BEC00096255 /* Sources */,
				7222C1BD2D491BEC00096255 /* Frameworks */,
				7222C1BE2D491BEC00096255 /* Resources */,
			);
			buildRules = (
			);
			dependencies = (
			);
			fileSystemSynchronizedGroups = (
				7222C1C22D491BEC00096255 /* Stash */,
			);
			name = Stash;
			packageProductDependencies = (
				6D6718462D672CDC0063FE57 /* Kingfisher */,
				726B64F72D6DCEA1000AA419 /* SwiftSoup */,
				720642C92D8DBA0600F62043 /* HotKey */,
				6DCEC8742DAC9A9B00089699 /* Glur */,
			);
			productName = Stash;
			productReference = 7222C1C02D491BEC00096255 /* Stashy.app */;
			productType = "com.apple.product-type.application";
		};
		7222C1D22D491BEF00096255 /* StashTests */ = {
			isa = PBXNativeTarget;
			buildConfigurationList = 7222C1EA2D491BEF00096255 /* Build configuration list for PBXNativeTarget "StashTests" */;
			buildPhases = (
				7222C1CF2D491BEF00096255 /* Sources */,
				7222C1D02D491BEF00096255 /* Frameworks */,
				7222C1D12D491BEF00096255 /* Resources */,
			);
			buildRules = (
			);
			dependencies = (
				7222C1D52D491BEF00096255 /* PBXTargetDependency */,
			);
			fileSystemSynchronizedGroups = (
				7222C1D62D491BEF00096255 /* StashTests */,
			);
			name = StashTests;
			packageProductDependencies = (
			);
			productName = StashTests;
			productReference = 7222C1D32D491BEF00096255 /* StashTests.xctest */;
			productType = "com.apple.product-type.bundle.unit-test";
		};
		7222C1DC2D491BEF00096255 /* StashUITests */ = {
			isa = PBXNativeTarget;
			buildConfigurationList = 7222C1ED2D491BEF00096255 /* Build configuration list for PBXNativeTarget "StashUITests" */;
			buildPhases = (
				7222C1D92D491BEF00096255 /* Sources */,
				7222C1DA2D491BEF00096255 /* Frameworks */,
				7222C1DB2D491BEF00096255 /* Resources */,
			);
			buildRules = (
			);
			dependencies = (
				7222C1DF2D491BEF00096255 /* PBXTargetDependency */,
			);
			fileSystemSynchronizedGroups = (
				7222C1E02D491BEF00096255 /* StashUITests */,
			);
			name = StashUITests;
			packageProductDependencies = (
			);
			productName = StashUITests;
			productReference = 7222C1DD2D491BEF00096255 /* StashUITests.xctest */;
			productType = "com.apple.product-type.bundle.ui-testing";
		};
/* End PBXNativeTarget section */

/* Begin PBXProject section */
		7222C1B82D491BEC00096255 /* Project object */ = {
			isa = PBXProject;
			attributes = {
				BuildIndependentTargetsInParallel = 1;
				LastSwiftUpdateCheck = 1620;
				LastUpgradeCheck = 1620;
				TargetAttributes = {
					7222C1BF2D491BEC00096255 = {
						CreatedOnToolsVersion = 16.2;
					};
					7222C1D22D491BEF00096255 = {
						CreatedOnToolsVersion = 16.2;
						TestTargetID = 7222C1BF2D491BEC00096255;
					};
					7222C1DC2D491BEF00096255 = {
						CreatedOnToolsVersion = 16.2;
						TestTargetID = 7222C1BF2D491BEC00096255;
					};
				};
			};
			buildConfigurationList = 7222C1BB2D491BEC00096255 /* Build configuration list for PBXProject "Stash" */;
			developmentRegion = en;
			hasScannedForEncodings = 0;
			knownRegions = (
				en,
				Base,
			);
			mainGroup = 7222C1B72D491BEC00096255;
			minimizedProjectReferenceProxies = 1;
			packageReferences = (
				6D6718442D66C30C0063FE57 /* XCRemoteSwiftPackageReference "Kingfisher" */,
				726B64F32D6DCE32000AA419 /* XCRemoteSwiftPackageReference "SwiftSoup" */,
				720642C82D8DB9D400F62043 /* XCRemoteSwiftPackageReference "HotKey" */,
				6DCEC8732DAC9A9200089699 /* XCRemoteSwiftPackageReference "Glur" */,
			);
			preferredProjectObjectVersion = 77;
			productRefGroup = 7222C1C12D491BEC00096255 /* Products */;
			projectDirPath = "";
			projectRoot = "";
			targets = (
				7222C1BF2D491BEC00096255 /* Stash */,
				7222C1D22D491BEF00096255 /* StashTests */,
				7222C1DC2D491BEF00096255 /* StashUITests */,
			);
		};
/* End PBXProject section */

/* Begin PBXResourcesBuildPhase section */
		7222C1BE2D491BEC00096255 /* Resources */ = {
			isa = PBXResourcesBuildPhase;
			buildActionMask = 2147483647;
			files = (
			);
			runOnlyForDeploymentPostprocessing = 0;
		};
		7222C1D12D491BEF00096255 /* Resources */ = {
			isa = PBXResourcesBuildPhase;
			buildActionMask = 2147483647;
			files = (
			);
			runOnlyForDeploymentPostprocessing = 0;
		};
		7222C1DB2D491BEF00096255 /* Resources */ = {
			isa = PBXResourcesBuildPhase;
			buildActionMask = 2147483647;
			files = (
			);
			runOnlyForDeploymentPostprocessing = 0;
		};
/* End PBXResourcesBuildPhase section */

/* Begin PBXSourcesBuildPhase section */
		7222C1BC2D491BEC00096255 /* Sources */ = {
			isa = PBXSourcesBuildPhase;
			buildActionMask = 2147483647;
			files = (
			);
			runOnlyForDeploymentPostprocessing = 0;
		};
		7222C1CF2D491BEF00096255 /* Sources */ = {
			isa = PBXSourcesBuildPhase;
			buildActionMask = 2147483647;
			files = (
			);
			runOnlyForDeploymentPostprocessing = 0;
		};
		7222C1D92D491BEF00096255 /* Sources */ = {
			isa = PBXSourcesBuildPhase;
			buildActionMask = 2147483647;
			files = (
			);
			runOnlyForDeploymentPostprocessing = 0;
		};
/* End PBXSourcesBuildPhase section */

/* Begin PBXTargetDependency section */
		7222C1D52D491BEF00096255 /* PBXTargetDependency */ = {
			isa = PBXTargetDependency;
			target = 7222C1BF2D491BEC00096255 /* Stash */;
			targetProxy = 7222C1D42D491BEF00096255 /* PBXContainerItemProxy */;
		};
		7222C1DF2D491BEF00096255 /* PBXTargetDependency */ = {
			isa = PBXTargetDependency;
			target = 7222C1BF2D491BEC00096255 /* Stash */;
			targetProxy = 7222C1DE2D491BEF00096255 /* PBXContainerItemProxy */;
		};
/* End PBXTargetDependency section */

/* Begin XCBuildConfiguration section */
		7222C1E52D491BEF00096255 /* Debug */ = {
			isa = XCBuildConfiguration;
			buildSettings = {
				ALWAYS_SEARCH_USER_PATHS = NO;
				ASSETCATALOG_COMPILER_GENERATE_SWIFT_ASSET_SYMBOL_EXTENSIONS = YES;
				CLANG_ANALYZER_NONNULL = YES;
				CLANG_ANALYZER_NUMBER_OBJECT_CONVERSION = YES_AGGRESSIVE;
				CLANG_CXX_LANGUAGE_STANDARD = "gnu++20";
				CLANG_ENABLE_MODULES = YES;
				CLANG_ENABLE_OBJC_ARC = YES;
				CLANG_ENABLE_OBJC_WEAK = YES;
				CLANG_WARN_BLOCK_CAPTURE_AUTORELEASING = YES;
				CLANG_WARN_BOOL_CONVERSION = YES;
				CLANG_WARN_COMMA = YES;
				CLANG_WARN_CONSTANT_CONVERSION = YES;
				CLANG_WARN_DEPRECATED_OBJC_IMPLEMENTATIONS = YES;
				CLANG_WARN_DIRECT_OBJC_ISA_USAGE = YES_ERROR;
				CLANG_WARN_DOCUMENTATION_COMMENTS = YES;
				CLANG_WARN_EMPTY_BODY = YES;
				CLANG_WARN_ENUM_CONVERSION = YES;
				CLANG_WARN_INFINITE_RECURSION = YES;
				CLANG_WARN_INT_CONVERSION = YES;
				CLANG_WARN_NON_LITERAL_NULL_CONVERSION = YES;
				CLANG_WARN_OBJC_IMPLICIT_RETAIN_SELF = YES;
				CLANG_WARN_OBJC_LITERAL_CONVERSION = YES;
				CLANG_WARN_OBJC_ROOT_CLASS = YES_ERROR;
				CLANG_WARN_QUOTED_INCLUDE_IN_FRAMEWORK_HEADER = YES;
				CLANG_WARN_RANGE_LOOP_ANALYSIS = YES;
				CLANG_WARN_STRICT_PROTOTYPES = YES;
				CLANG_WARN_SUSPICIOUS_MOVE = YES;
				CLANG_WARN_UNGUARDED_AVAILABILITY = YES_AGGRESSIVE;
				CLANG_WARN_UNREACHABLE_CODE = YES;
				CLANG_WARN__DUPLICATE_METHOD_MATCH = YES;
				COPY_PHASE_STRIP = NO;
				DEBUG_INFORMATION_FORMAT = dwarf;
				ENABLE_STRICT_OBJC_MSGSEND = YES;
				ENABLE_TESTABILITY = YES;
				ENABLE_USER_SCRIPT_SANDBOXING = YES;
				GCC_C_LANGUAGE_STANDARD = gnu17;
				GCC_DYNAMIC_NO_PIC = NO;
				GCC_NO_COMMON_BLOCKS = YES;
				GCC_OPTIMIZATION_LEVEL = 0;
				GCC_PREPROCESSOR_DEFINITIONS = (
					"DEBUG=1",
					"$(inherited)",
				);
				GCC_WARN_64_TO_32_BIT_CONVERSION = YES;
				GCC_WARN_ABOUT_RETURN_TYPE = YES_ERROR;
				GCC_WARN_UNDECLARED_SELECTOR = YES;
				GCC_WARN_UNINITIALIZED_AUTOS = YES_AGGRESSIVE;
				GCC_WARN_UNUSED_FUNCTION = YES;
				GCC_WARN_UNUSED_VARIABLE = YES;
				LOCALIZATION_PREFERS_STRING_CATALOGS = YES;
				MACOSX_DEPLOYMENT_TARGET = 15.0;
				MTL_ENABLE_DEBUG_INFO = INCLUDE_SOURCE;
				MTL_FAST_MATH = YES;
				ONLY_ACTIVE_ARCH = YES;
				SDKROOT = macosx;
				SWIFT_ACTIVE_COMPILATION_CONDITIONS = "DEBUG $(inherited)";
				SWIFT_OPTIMIZATION_LEVEL = "-Onone";
			};
			name = Debug;
		};
		7222C1E62D491BEF00096255 /* Release */ = {
			isa = XCBuildConfiguration;
			buildSettings = {
				ALWAYS_SEARCH_USER_PATHS = NO;
				ASSETCATALOG_COMPILER_GENERATE_SWIFT_ASSET_SYMBOL_EXTENSIONS = YES;
				CLANG_ANALYZER_NONNULL = YES;
				CLANG_ANALYZER_NUMBER_OBJECT_CONVERSION = YES_AGGRESSIVE;
				CLANG_CXX_LANGUAGE_STANDARD = "gnu++20";
				CLANG_ENABLE_MODULES = YES;
				CLANG_ENABLE_OBJC_ARC = YES;
				CLANG_ENABLE_OBJC_WEAK = YES;
				CLANG_WARN_BLOCK_CAPTURE_AUTORELEASING = YES;
				CLANG_WARN_BOOL_CONVERSION = YES;
				CLANG_WARN_COMMA = YES;
				CLANG_WARN_CONSTANT_CONVERSION = YES;
				CLANG_WARN_DEPRECATED_OBJC_IMPLEMENTATIONS = YES;
				CLANG_WARN_DIRECT_OBJC_ISA_USAGE = YES_ERROR;
				CLANG_WARN_DOCUMENTATION_COMMENTS = YES;
				CLANG_WARN_EMPTY_BODY = YES;
				CLANG_WARN_ENUM_CONVERSION = YES;
				CLANG_WARN_INFINITE_RECURSION = YES;
				CLANG_WARN_INT_CONVERSION = YES;
				CLANG_WARN_NON_LITERAL_NULL_CONVERSION = YES;
				CLANG_WARN_OBJC_IMPLICIT_RETAIN_SELF = YES;
				CLANG_WARN_OBJC_LITERAL_CONVERSION = YES;
				CLANG_WARN_OBJC_ROOT_CLASS = YES_ERROR;
				CLANG_WARN_QUOTED_INCLUDE_IN_FRAMEWORK_HEADER = YES;
				CLANG_WARN_RANGE_LOOP_ANALYSIS = YES;
				CLANG_WARN_STRICT_PROTOTYPES = YES;
				CLANG_WARN_SUSPICIOUS_MOVE = YES;
				CLANG_WARN_UNGUARDED_AVAILABILITY = YES_AGGRESSIVE;
				CLANG_WARN_UNREACHABLE_CODE = YES;
				CLANG_WARN__DUPLICATE_METHOD_MATCH = YES;
				COPY_PHASE_STRIP = NO;
				DEBUG_INFORMATION_FORMAT = "dwarf-with-dsym";
				ENABLE_NS_ASSERTIONS = NO;
				ENABLE_STRICT_OBJC_MSGSEND = YES;
				ENABLE_USER_SCRIPT_SANDBOXING = YES;
				GCC_C_LANGUAGE_STANDARD = gnu17;
				GCC_NO_COMMON_BLOCKS = YES;
				GCC_WARN_64_TO_32_BIT_CONVERSION = YES;
				GCC_WARN_ABOUT_RETURN_TYPE = YES_ERROR;
				GCC_WARN_UNDECLARED_SELECTOR = YES;
				GCC_WARN_UNINITIALIZED_AUTOS = YES_AGGRESSIVE;
				GCC_WARN_UNUSED_FUNCTION = YES;
				GCC_WARN_UNUSED_VARIABLE = YES;
				LOCALIZATION_PREFERS_STRING_CATALOGS = YES;
				MACOSX_DEPLOYMENT_TARGET = 15.0;
				MTL_ENABLE_DEBUG_INFO = NO;
				MTL_FAST_MATH = YES;
				SDKROOT = macosx;
				SWIFT_COMPILATION_MODE = wholemodule;
			};
			name = Release;
		};
		7222C1E82D491BEF00096255 /* Debug */ = {
			isa = XCBuildConfiguration;
			buildSettings = {
				ASSETCATALOG_COMPILER_APPICON_NAME = AppIcon;
				ASSETCATALOG_COMPILER_GLOBAL_ACCENT_COLOR_NAME = AccentColor;
				CODE_SIGN_ENTITLEMENTS = Stash/Stash.entitlements;
				"CODE_SIGN_IDENTITY[sdk=macosx*]" = "Apple Development";
				CODE_SIGN_STYLE = Automatic;
				COMBINE_HIDPI_IMAGES = YES;
				CURRENT_PROJECT_VERSION = 10;
				DEVELOPMENT_ASSET_PATHS = "\"Stash/Preview Content\"";
				DEVELOPMENT_TEAM = QX885U799E;
				ENABLE_HARDENED_RUNTIME = NO;
				ENABLE_PREVIEWS = YES;
				GENERATE_INFOPLIST_FILE = YES;
				INFOPLIST_FILE = Stash/Info.plist;
				INFOPLIST_KEY_CFBundleDisplayName = Stashy;
				INFOPLIST_KEY_LSApplicationCategoryType = "public.app-category.productivity";
				INFOPLIST_KEY_LSUIElement = YES;
				INFOPLIST_KEY_NSHumanReadableCopyright = "";
				LD_RUNPATH_SEARCH_PATHS = (
					"$(inherited)",
					"@executable_path/../Frameworks",
				);
				MACOSX_DEPLOYMENT_TARGET = 14.0;
				MARKETING_VERSION = 1.0.1;
				PRODUCT_BUNDLE_IDENTIFIER = com.rendezvousauoaradis.stash;
				PRODUCT_NAME = Stashy;
				SWIFT_EMIT_LOC_STRINGS = YES;
				SWIFT_VERSION = 5.0;
			};
			name = Debug;
		};
		7222C1E92D491BEF00096255 /* Release */ = {
			isa = XCBuildConfiguration;
			buildSettings = {
				ASSETCATALOG_COMPILER_APPICON_NAME = AppIcon;
				ASSETCATALOG_COMPILER_GLOBAL_ACCENT_COLOR_NAME = AccentColor;
				CODE_SIGN_ENTITLEMENTS = Stash/Stash.entitlements;
				"CODE_SIGN_IDENTITY[sdk=macosx*]" = "Apple Development";
				CODE_SIGN_STYLE = Automatic;
				COMBINE_HIDPI_IMAGES = YES;
				CURRENT_PROJECT_VERSION = 10;
				DEVELOPMENT_ASSET_PATHS = "\"Stash/Preview Content\"";
				DEVELOPMENT_TEAM = QX885U799E;
				ENABLE_HARDENED_RUNTIME = NO;
				ENABLE_PREVIEWS = YES;
				GENERATE_INFOPLIST_FILE = YES;
				INFOPLIST_FILE = Stash/Info.plist;
				INFOPLIST_KEY_CFBundleDisplayName = Stashy;
				INFOPLIST_KEY_LSApplicationCategoryType = "public.app-category.productivity";
				INFOPLIST_KEY_LSUIElement = YES;
				INFOPLIST_KEY_NSHumanReadableCopyright = "";
				LD_RUNPATH_SEARCH_PATHS = (
					"$(inherited)",
					"@executable_path/../Frameworks",
				);
				MACOSX_DEPLOYMENT_TARGET = 14.0;
				MARKETING_VERSION = 1.0.1;
				PRODUCT_BUNDLE_IDENTIFIER = com.rendezvousauoaradis.stash;
				PRODUCT_NAME = Stashy;
				SWIFT_EMIT_LOC_STRINGS = YES;
				SWIFT_VERSION = 5.0;
			};
			name = Release;
		};
		7222C1EB2D491BEF00096255 /* Debug */ = {
			isa = XCBuildConfiguration;
			buildSettings = {
				BUNDLE_LOADER = "$(TEST_HOST)";
				CODE_SIGN_STYLE = Automatic;
				CURRENT_PROJECT_VERSION = 1;
				DEVELOPMENT_TEAM = QX885U799E;
				GENERATE_INFOPLIST_FILE = YES;
				MACOSX_DEPLOYMENT_TARGET = 14.0;
				MARKETING_VERSION = 1.0;
				PRODUCT_BUNDLE_IDENTIFIER = com.yannmm.StashTests;
				PRODUCT_NAME = "$(TARGET_NAME)";
				SWIFT_EMIT_LOC_STRINGS = NO;
				SWIFT_VERSION = 5.0;
				TEST_HOST = "$(BUILT_PRODUCTS_DIR)/Stash.app/$(BUNDLE_EXECUTABLE_FOLDER_PATH)/Stash";
			};
			name = Debug;
		};
		7222C1EC2D491BEF00096255 /* Release */ = {
			isa = XCBuildConfiguration;
			buildSettings = {
				BUNDLE_LOADER = "$(TEST_HOST)";
				CODE_SIGN_STYLE = Automatic;
				CURRENT_PROJECT_VERSION = 1;
				DEVELOPMENT_TEAM = QX885U799E;
				GENERATE_INFOPLIST_FILE = YES;
				MACOSX_DEPLOYMENT_TARGET = 14.0;
				MARKETING_VERSION = 1.0;
				PRODUCT_BUNDLE_IDENTIFIER = com.yannmm.StashTests;
				PRODUCT_NAME = "$(TARGET_NAME)";
				SWIFT_EMIT_LOC_STRINGS = NO;
				SWIFT_VERSION = 5.0;
				TEST_HOST = "$(BUILT_PRODUCTS_DIR)/Stash.app/$(BUNDLE_EXECUTABLE_FOLDER_PATH)/Stash";
			};
			name = Release;
		};
		7222C1EE2D491BEF00096255 /* Debug */ = {
			isa = XCBuildConfiguration;
			buildSettings = {
				CODE_SIGN_STYLE = Automatic;
				CURRENT_PROJECT_VERSION = 1;
				DEVELOPMENT_TEAM = QX885U799E;
				GENERATE_INFOPLIST_FILE = YES;
				MARKETING_VERSION = 1.0;
				PRODUCT_BUNDLE_IDENTIFIER = com.yannmm.StashUITests;
				PRODUCT_NAME = "$(TARGET_NAME)";
				SWIFT_EMIT_LOC_STRINGS = NO;
				SWIFT_VERSION = 5.0;
				TEST_TARGET_NAME = Stash;
			};
			name = Debug;
		};
		7222C1EF2D491BEF00096255 /* Release */ = {
			isa = XCBuildConfiguration;
			buildSettings = {
				CODE_SIGN_STYLE = Automatic;
				CURRENT_PROJECT_VERSION = 1;
				DEVELOPMENT_TEAM = QX885U799E;
				GENERATE_INFOPLIST_FILE = YES;
				MARKETING_VERSION = 1.0;
				PRODUCT_BUNDLE_IDENTIFIER = com.yannmm.StashUITests;
				PRODUCT_NAME = "$(TARGET_NAME)";
				SWIFT_EMIT_LOC_STRINGS = NO;
				SWIFT_VERSION = 5.0;
				TEST_TARGET_NAME = Stash;
			};
			name = Release;
		};
/* End XCBuildConfiguration section */

/* Begin XCConfigurationList section */
		7222C1BB2D491BEC00096255 /* Build configuration list for PBXProject "Stash" */ = {
			isa = XCConfigurationList;
			buildConfigurations = (
				7222C1E52D491BEF00096255 /* Debug */,
				7222C1E62D491BEF00096255 /* Release */,
			);
			defaultConfigurationIsVisible = 0;
			defaultConfigurationName = Release;
		};
		7222C1E72D491BEF00096255 /* Build configuration list for PBXNativeTarget "Stash" */ = {
			isa = XCConfigurationList;
			buildConfigurations = (
				7222C1E82D491BEF00096255 /* Debug */,
				7222C1E92D491BEF00096255 /* Release */,
			);
			defaultConfigurationIsVisible = 0;
			defaultConfigurationName = Release;
		};
		7222C1EA2D491BEF00096255 /* Build configuration list for PBXNativeTarget "StashTests" */ = {
			isa = XCConfigurationList;
			buildConfigurations = (
				7222C1EB2D491BEF00096255 /* Debug */,
				7222C1EC2D491BEF00096255 /* Release */,
			);
			defaultConfigurationIsVisible = 0;
			defaultConfigurationName = Release;
		};
		7222C1ED2D491BEF00096255 /* Build configuration list for PBXNativeTarget "StashUITests" */ = {
			isa = XCConfigurationList;
			buildConfigurations = (
				7222C1EE2D491BEF00096255 /* Debug */,
				7222C1EF2D491BEF00096255 /* Release */,
			);
			defaultConfigurationIsVisible = 0;
			defaultConfigurationName = Release;
		};
/* End XCConfigurationList section */

/* Begin XCRemoteSwiftPackageReference section */
		6D6718442D66C30C0063FE57 /* XCRemoteSwiftPackageReference "Kingfisher" */ = {
			isa = XCRemoteSwiftPackageReference;
			repositoryURL = "https://github.com/onevcat/Kingfisher.git";
			requirement = {
				kind = upToNextMajorVersion;
				minimumVersion = 8.2.0;
			};
		};
		6DCEC8732DAC9A9200089699 /* XCRemoteSwiftPackageReference "Glur" */ = {
			isa = XCRemoteSwiftPackageReference;
			repositoryURL = "https://github.com/joogps/Glur";
			requirement = {
				kind = upToNextMajorVersion;
				minimumVersion = 1.0.4;
			};
		};
		720642C82D8DB9D400F62043 /* XCRemoteSwiftPackageReference "HotKey" */ = {
			isa = XCRemoteSwiftPackageReference;
			repositoryURL = "https://github.com/soffes/HotKey";
			requirement = {
				branch = main;
				kind = branch;
			};
		};
		726B64F32D6DCE32000AA419 /* XCRemoteSwiftPackageReference "SwiftSoup" */ = {
			isa = XCRemoteSwiftPackageReference;
			repositoryURL = "https://github.com/scinfu/SwiftSoup.git";
			requirement = {
				kind = upToNextMajorVersion;
				minimumVersion = 2.8.0;
			};
		};
/* End XCRemoteSwiftPackageReference section */

/* Begin XCSwiftPackageProductDependency section */
		6D6718462D672CDC0063FE57 /* Kingfisher */ = {
			isa = XCSwiftPackageProductDependency;
			package = 6D6718442D66C30C0063FE57 /* XCRemoteSwiftPackageReference "Kingfisher" */;
			productName = Kingfisher;
		};
		6DCEC8742DAC9A9B00089699 /* Glur */ = {
			isa = XCSwiftPackageProductDependency;
			package = 6DCEC8732DAC9A9200089699 /* XCRemoteSwiftPackageReference "Glur" */;
			productName = Glur;
		};
		720642C92D8DBA0600F62043 /* HotKey */ = {
			isa = XCSwiftPackageProductDependency;
			package = 720642C82D8DB9D400F62043 /* XCRemoteSwiftPackageReference "HotKey" */;
			productName = HotKey;
		};
		726B64F72D6DCEA1000AA419 /* SwiftSoup */ = {
			isa = XCSwiftPackageProductDependency;
			package = 726B64F32D6DCE32000AA419 /* XCRemoteSwiftPackageReference "SwiftSoup" */;
			productName = SwiftSoup;
		};
/* End XCSwiftPackageProductDependency section */
	};
	rootObject = 7222C1B82D491BEC00096255 /* Project object */;
}
